
Microsoft Visual Studio Solution File, Format Version 12.00
# Visual Studio Version 17
VisualStudioVersion = 17.4.33110.190
MinimumVisualStudioVersion = 10.0.40219.1
Project("{FAE04EC0-301F-11D3-BF4B-00C04F79EFBC}") = "Aplicacion_Prueba_Tecnica", "Aplicacion_Prueba_Tecnica\Aplicacion_Prueba_Tecnica.csproj", "{483FC347-24EC-4D7E-B864-4EF58A4ED3A1}"
EndProject
Global
	GlobalSection(SolutionConfigurationPlatforms) = preSolution
		Debug|Any CPU = Debug|Any CPU
		Release|Any CPU = Release|Any CPU
	EndGlobalSection
	GlobalSection(ProjectConfigurationPlatforms) = postSolution
		{483FC347-24EC-4D7E-B864-4EF58A4ED3A1}.Debug|Any CPU.ActiveCfg = Debug|Any CPU
		{483FC347-24EC-4D7E-B864-4EF58A4ED3A1}.Debug|Any CPU.Build.0 = Debug|Any CPU
		{483FC347-24EC-4D7E-B864-4EF58A4ED3A1}.Release|Any CPU.ActiveCfg = Release|Any CPU
		{483FC347-24EC-4D7E-B864-4EF58A4ED3A1}.Release|Any CPU.Build.0 = Release|Any CPU
	EndGlobalSection
	GlobalSection(SolutionProperties) = preSolution
		HideSolutionNode = FALSE
	EndGlobalSection
	GlobalSection(ExtensibilityGlobals) = postSolution
		SolutionGuid = {F5F6A674-8146-43B1-9FF3-7F17DC1F0FA6}
	EndGlobalSection
EndGlobal
